
Microsoft Visual Studio Solution File, Format Version 12.00
# Visual Studio Version 17
VisualStudioVersion = 17.9.34728.123
MinimumVisualStudioVersion = 10.0.40219.1
Project("{9A19103F-16F7-4668-BE54-9A1E7A4F7556}") = "Bernamji", "Bernamji\Bernamji.csproj", "{51D6E770-3B16-4D42-8645-02421D0379CE}"
EndProject
Project("{9A19103F-16F7-4668-BE54-9A1E7A4F7556}") = "bernamji.Core", "bernamji.Core\bernamji.Core.csproj", "{C92808F7-F82F-4B54-8DA6-0D04CD0C9362}"
EndProject
Project("{9A19103F-16F7-4668-BE54-9A1E7A4F7556}") = "Bernamji.DataAccess", "Bernamji.DataAccess\Bernamji.DataAccess.csproj", "{B2E3235D-1850-4D11-9A1B-F1B6215FB284}"
EndProject
Project("{9A19103F-16F7-4668-BE54-9A1E7A4F7556}") = "Bernamji.Application", "Bernamji.Application\Bernamji.Application.csproj", "{D5D091ED-C9E7-450D-A953-20F37130D22D}"
EndProject
Project("{FAE04EC0-301F-11D3-BF4B-00C04F79EFBC}") = "Bernamji.Shared", "Bernamji.Shared\Bernamji.Shared.csproj", "{E753EE91-95F3-4911-93FA-6B9C192CE154}"
EndProject
Global
	GlobalSection(SolutionConfigurationPlatforms) = preSolution
		Debug|Any CPU = Debug|Any CPU
		Release|Any CPU = Release|Any CPU
	EndGlobalSection
	GlobalSection(ProjectConfigurationPlatforms) = postSolution
		{51D6E770-3B16-4D42-8645-02421D0379CE}.Debug|Any CPU.ActiveCfg = Debug|Any CPU
		{51D6E770-3B16-4D42-8645-02421D0379CE}.Debug|Any CPU.Build.0 = Debug|Any CPU
		{51D6E770-3B16-4D42-8645-02421D0379CE}.Release|Any CPU.ActiveCfg = Release|Any CPU
		{51D6E770-3B16-4D42-8645-02421D0379CE}.Release|Any CPU.Build.0 = Release|Any CPU
		{C92808F7-F82F-4B54-8DA6-0D04CD0C9362}.Debug|Any CPU.ActiveCfg = Debug|Any CPU
		{C92808F7-F82F-4B54-8DA6-0D04CD0C9362}.Debug|Any CPU.Build.0 = Debug|Any CPU
		{C92808F7-F82F-4B54-8DA6-0D04CD0C9362}.Release|Any CPU.ActiveCfg = Release|Any CPU
		{C92808F7-F82F-4B54-8DA6-0D04CD0C9362}.Release|Any CPU.Build.0 = Release|Any CPU
		{B2E3235D-1850-4D11-9A1B-F1B6215FB284}.Debug|Any CPU.ActiveCfg = Debug|Any CPU
		{B2E3235D-1850-4D11-9A1B-F1B6215FB284}.Debug|Any CPU.Build.0 = Debug|Any CPU
		{B2E3235D-1850-4D11-9A1B-F1B6215FB284}.Release|Any CPU.ActiveCfg = Release|Any CPU
		{B2E3235D-1850-4D11-9A1B-F1B6215FB284}.Release|Any CPU.Build.0 = Release|Any CPU
		{D5D091ED-C9E7-450D-A953-20F37130D22D}.Debug|Any CPU.ActiveCfg = Debug|Any CPU
		{D5D091ED-C9E7-450D-A953-20F37130D22D}.Debug|Any CPU.Build.0 = Debug|Any CPU
		{D5D091ED-C9E7-450D-A953-20F37130D22D}.Release|Any CPU.ActiveCfg = Release|Any CPU
		{D5D091ED-C9E7-450D-A953-20F37130D22D}.Release|Any CPU.Build.0 = Release|Any CPU
		{E753EE91-95F3-4911-93FA-6B9C192CE154}.Debug|Any CPU.ActiveCfg = Debug|Any CPU
		{E753EE91-95F3-4911-93FA-6B9C192CE154}.Debug|Any CPU.Build.0 = Debug|Any CPU
		{E753EE91-95F3-4911-93FA-6B9C192CE154}.Release|Any CPU.ActiveCfg = Release|Any CPU
		{E753EE91-95F3-4911-93FA-6B9C192CE154}.Release|Any CPU.Build.0 = Release|Any CPU
	EndGlobalSection
	GlobalSection(SolutionProperties) = preSolution
		HideSolutionNode = FALSE
	EndGlobalSection
	GlobalSection(ExtensibilityGlobals) = postSolution
		SolutionGuid = {5FADED7D-737F-46C3-9CC4-F88B8B4D397D}
	EndGlobalSection
EndGlobal
